// !$*UTF8*$!
{
	archiveVersion = 1;
	classes = {
	};
	objectVersion = 46;
	objects = {

/* Begin PBXBuildFile section */
		5354AFA81CDE60CA002ABF3A /* MapViewController.swift in Sources */ = {isa = PBXBuildFile; fileRef = 5354AFA71CDE60CA002ABF3A /* MapViewController.swift */; };
		5354AFAE1CDE9BF1002ABF3A /* GCD.swift in Sources */ = {isa = PBXBuildFile; fileRef = 5354AFAD1CDE9BF1002ABF3A /* GCD.swift */; };
		53C75D2E1CF35A9700F2EF6D /* InformationPostingViewController.swift in Sources */ = {isa = PBXBuildFile; fileRef = 53C75D2D1CF35A9700F2EF6D /* InformationPostingViewController.swift */; };
		53DCE8CC1CD77AE2009B090B /* AppDelegate.swift in Sources */ = {isa = PBXBuildFile; fileRef = 53DCE8CB1CD77AE2009B090B /* AppDelegate.swift */; };
		53DCE8CE1CD77AE2009B090B /* LoginViewController.swift in Sources */ = {isa = PBXBuildFile; fileRef = 53DCE8CD1CD77AE2009B090B /* LoginViewController.swift */; };
		53DCE8D11CD77AE2009B090B /* Main.storyboard in Resources */ = {isa = PBXBuildFile; fileRef = 53DCE8CF1CD77AE2009B090B /* Main.storyboard */; };
		53DCE8D31CD77AE2009B090B /* Assets.xcassets in Resources */ = {isa = PBXBuildFile; fileRef = 53DCE8D21CD77AE2009B090B /* Assets.xcassets */; };
		53DCE8D61CD77AE2009B090B /* LaunchScreen.storyboard in Resources */ = {isa = PBXBuildFile; fileRef = 53DCE8D41CD77AE2009B090B /* LaunchScreen.storyboard */; };
		53DCE8E11CD77AE2009B090B /* OnTheMapTests.swift in Sources */ = {isa = PBXBuildFile; fileRef = 53DCE8E01CD77AE2009B090B /* OnTheMapTests.swift */; };
		53DCE8EC1CD7A6A8009B090B /* UdacityClient.swift in Sources */ = {isa = PBXBuildFile; fileRef = 53DCE8EB1CD7A6A8009B090B /* UdacityClient.swift */; };
		53DCE8EE1CD7A811009B090B /* UdacityConstants.swift in Sources */ = {isa = PBXBuildFile; fileRef = 53DCE8ED1CD7A811009B090B /* UdacityConstants.swift */; };
		53DCE91D1CD90C6C009B090B /* todo.swift in Sources */ = {isa = PBXBuildFile; fileRef = 53DCE91C1CD90C6C009B090B /* todo.swift */; };
		53DCE91F1CD90EE0009B090B /* SignUpViewController.swift in Sources */ = {isa = PBXBuildFile; fileRef = 53DCE91E1CD90EE0009B090B /* SignUpViewController.swift */; };
		53DCE9211CDA3E70009B090B /* MapTabController.swift in Sources */ = {isa = PBXBuildFile; fileRef = 53DCE9201CDA3E70009B090B /* MapTabController.swift */; };
		53DCE9231CDA43BC009B090B /* MapKit.framework in Frameworks */ = {isa = PBXBuildFile; fileRef = 53DCE9221CDA43BC009B090B /* MapKit.framework */; };
		53DCE9271CDCE095009B090B /* ParseClient.swift in Sources */ = {isa = PBXBuildFile; fileRef = 53DCE9261CDCE095009B090B /* ParseClient.swift */; };
		53DCE9291CDCE1C9009B090B /* ParseConstants.swift in Sources */ = {isa = PBXBuildFile; fileRef = 53DCE9281CDCE1C9009B090B /* ParseConstants.swift */; };
		53E827841CEB8C9000999DB2 /* StudentTableViewController.swift in Sources */ = {isa = PBXBuildFile; fileRef = 53E827831CEB8C9000999DB2 /* StudentTableViewController.swift */; };
		53FB476A1CDE26D90049BE0E /* Student.swift in Sources */ = {isa = PBXBuildFile; fileRef = 53FB47691CDE26D90049BE0E /* Student.swift */; };
/* End PBXBuildFile section */

/* Begin PBXContainerItemProxy section */
		53DCE8DD1CD77AE2009B090B /* PBXContainerItemProxy */ = {
			isa = PBXContainerItemProxy;
			containerPortal = 53DCE8C01CD77AE2009B090B /* Project object */;
			proxyType = 1;
			remoteGlobalIDString = 53DCE8C71CD77AE2009B090B;
			remoteInfo = OnTheMap;
		};
/* End PBXContainerItemProxy section */

/* Begin PBXFileReference section */
		5354AFA71CDE60CA002ABF3A /* MapViewController.swift */ = {isa = PBXFileReference; fileEncoding = 4; lastKnownFileType = sourcecode.swift; path = MapViewController.swift; sourceTree = "<group>"; };
		5354AFAD1CDE9BF1002ABF3A /* GCD.swift */ = {isa = PBXFileReference; fileEncoding = 4; lastKnownFileType = sourcecode.swift; path = GCD.swift; sourceTree = "<group>"; };
		53C75D2D1CF35A9700F2EF6D /* InformationPostingViewController.swift */ = {isa = PBXFileReference; fileEncoding = 4; lastKnownFileType = sourcecode.swift; path = InformationPostingViewController.swift; sourceTree = "<group>"; };
		53DCE8C81CD77AE2009B090B /* OnTheMap.app */ = {isa = PBXFileReference; explicitFileType = wrapper.application; includeInIndex = 0; path = OnTheMap.app; sourceTree = BUILT_PRODUCTS_DIR; };
		53DCE8CB1CD77AE2009B090B /* AppDelegate.swift */ = {isa = PBXFileReference; lastKnownFileType = sourcecode.swift; path = AppDelegate.swift; sourceTree = "<group>"; };
		53DCE8CD1CD77AE2009B090B /* LoginViewController.swift */ = {isa = PBXFileReference; lastKnownFileType = sourcecode.swift; path = LoginViewController.swift; sourceTree = "<group>"; };
		53DCE8D01CD77AE2009B090B /* Base */ = {isa = PBXFileReference; lastKnownFileType = file.storyboard; name = Base; path = Base.lproj/Main.storyboard; sourceTree = "<group>"; };
		53DCE8D21CD77AE2009B090B /* Assets.xcassets */ = {isa = PBXFileReference; lastKnownFileType = folder.assetcatalog; path = Assets.xcassets; sourceTree = "<group>"; };
		53DCE8D51CD77AE2009B090B /* Base */ = {isa = PBXFileReference; lastKnownFileType = file.storyboard; name = Base; path = Base.lproj/LaunchScreen.storyboard; sourceTree = "<group>"; };
		53DCE8D71CD77AE2009B090B /* Info.plist */ = {isa = PBXFileReference; lastKnownFileType = text.plist.xml; path = Info.plist; sourceTree = "<group>"; };
		53DCE8DC1CD77AE2009B090B /* OnTheMapTests.xctest */ = {isa = PBXFileReference; explicitFileType = wrapper.cfbundle; includeInIndex = 0; path = OnTheMapTests.xctest; sourceTree = BUILT_PRODUCTS_DIR; };
		53DCE8E01CD77AE2009B090B /* OnTheMapTests.swift */ = {isa = PBXFileReference; lastKnownFileType = sourcecode.swift; path = OnTheMapTests.swift; sourceTree = "<group>"; };
		53DCE8E21CD77AE2009B090B /* Info.plist */ = {isa = PBXFileReference; lastKnownFileType = text.plist.xml; path = Info.plist; sourceTree = "<group>"; };
		53DCE8EB1CD7A6A8009B090B /* UdacityClient.swift */ = {isa = PBXFileReference; fileEncoding = 4; lastKnownFileType = sourcecode.swift; path = UdacityClient.swift; sourceTree = "<group>"; };
		53DCE8ED1CD7A811009B090B /* UdacityConstants.swift */ = {isa = PBXFileReference; fileEncoding = 4; lastKnownFileType = sourcecode.swift; path = UdacityConstants.swift; sourceTree = "<group>"; };
		53DCE91C1CD90C6C009B090B /* todo.swift */ = {isa = PBXFileReference; fileEncoding = 4; lastKnownFileType = sourcecode.swift; path = todo.swift; sourceTree = "<group>"; };
		53DCE91E1CD90EE0009B090B /* SignUpViewController.swift */ = {isa = PBXFileReference; fileEncoding = 4; lastKnownFileType = sourcecode.swift; name = SignUpViewController.swift; path = ../SignUpViewController.swift; sourceTree = "<group>"; };
		53DCE9201CDA3E70009B090B /* MapTabController.swift */ = {isa = PBXFileReference; fileEncoding = 4; lastKnownFileType = sourcecode.swift; path = MapTabController.swift; sourceTree = "<group>"; };
		53DCE9221CDA43BC009B090B /* MapKit.framework */ = {isa = PBXFileReference; lastKnownFileType = wrapper.framework; name = MapKit.framework; path = System/Library/Frameworks/MapKit.framework; sourceTree = SDKROOT; };
		53DCE9261CDCE095009B090B /* ParseClient.swift */ = {isa = PBXFileReference; fileEncoding = 4; lastKnownFileType = sourcecode.swift; path = ParseClient.swift; sourceTree = "<group>"; };
		53DCE9281CDCE1C9009B090B /* ParseConstants.swift */ = {isa = PBXFileReference; fileEncoding = 4; lastKnownFileType = sourcecode.swift; path = ParseConstants.swift; sourceTree = "<group>"; };
		53E827831CEB8C9000999DB2 /* StudentTableViewController.swift */ = {isa = PBXFileReference; fileEncoding = 4; lastKnownFileType = sourcecode.swift; name = StudentTableViewController.swift; path = ../StudentTableViewController.swift; sourceTree = "<group>"; };
		53FB47691CDE26D90049BE0E /* Student.swift */ = {isa = PBXFileReference; fileEncoding = 4; lastKnownFileType = sourcecode.swift; path = Student.swift; sourceTree = "<group>"; };
/* End PBXFileReference section */

/* Begin PBXFrameworksBuildPhase section */
		53DCE8C51CD77AE2009B090B /* Frameworks */ = {
			isa = PBXFrameworksBuildPhase;
			buildActionMask = 2147483647;
			files = (
				53DCE9231CDA43BC009B090B /* MapKit.framework in Frameworks */,
			);
			runOnlyForDeploymentPostprocessing = 0;
		};
		53DCE8D91CD77AE2009B090B /* Frameworks */ = {
			isa = PBXFrameworksBuildPhase;
			buildActionMask = 2147483647;
			files = (
			);
			runOnlyForDeploymentPostprocessing = 0;
		};
/* End PBXFrameworksBuildPhase section */

/* Begin PBXGroup section */
		53DCE8BF1CD77AE2009B090B = {
			isa = PBXGroup;
			children = (
				53DCE9221CDA43BC009B090B /* MapKit.framework */,
				53DCE8CA1CD77AE2009B090B /* OnTheMap */,
				53DCE8DF1CD77AE2009B090B /* OnTheMapTests */,
				53DCE8C91CD77AE2009B090B /* Products */,
			);
			sourceTree = "<group>";
		};
		53DCE8C91CD77AE2009B090B /* Products */ = {
			isa = PBXGroup;
			children = (
				53DCE8C81CD77AE2009B090B /* OnTheMap.app */,
				53DCE8DC1CD77AE2009B090B /* OnTheMapTests.xctest */,
			);
			name = Products;
			sourceTree = "<group>";
		};
		53DCE8CA1CD77AE2009B090B /* OnTheMap */ = {
			isa = PBXGroup;
			children = (
				53DCE8CF1CD77AE2009B090B /* Main.storyboard */,
				53C75D2D1CF35A9700F2EF6D /* InformationPostingViewController.swift */,
				53DCE8CD1CD77AE2009B090B /* LoginViewController.swift */,
				53DCE9201CDA3E70009B090B /* MapTabController.swift */,
				5354AFA71CDE60CA002ABF3A /* MapViewController.swift */,
				53E827831CEB8C9000999DB2 /* StudentTableViewController.swift */,
				53DCE91E1CD90EE0009B090B /* SignUpViewController.swift */,
				53DCE8CB1CD77AE2009B090B /* AppDelegate.swift */,
				5354AFAD1CDE9BF1002ABF3A /* GCD.swift */,
				53FB47691CDE26D90049BE0E /* Student.swift */,
				53DCE8EB1CD7A6A8009B090B /* UdacityClient.swift */,
				53DCE9261CDCE095009B090B /* ParseClient.swift */,
				53DCE9281CDCE1C9009B090B /* ParseConstants.swift */,
				53DCE8ED1CD7A811009B090B /* UdacityConstants.swift */,
				53DCE91C1CD90C6C009B090B /* todo.swift */,
				53DCE8D21CD77AE2009B090B /* Assets.xcassets */,
				53DCE8D41CD77AE2009B090B /* LaunchScreen.storyboard */,
				53DCE8D71CD77AE2009B090B /* Info.plist */,
			);
			path = OnTheMap;
			sourceTree = "<group>";
		};
		53DCE8DF1CD77AE2009B090B /* OnTheMapTests */ = {
			isa = PBXGroup;
			children = (
				53DCE8E01CD77AE2009B090B /* OnTheMapTests.swift */,
				53DCE8E21CD77AE2009B090B /* Info.plist */,
			);
			path = OnTheMapTests;
			sourceTree = "<group>";
		};
/* End PBXGroup section */

/* Begin PBXNativeTarget section */
		53DCE8C71CD77AE2009B090B /* OnTheMap */ = {
			isa = PBXNativeTarget;
			buildConfigurationList = 53DCE8E51CD77AE2009B090B /* Build configuration list for PBXNativeTarget "OnTheMap" */;
			buildPhases = (
				53DCE8C41CD77AE2009B090B /* Sources */,
				53DCE8C51CD77AE2009B090B /* Frameworks */,
				53DCE8C61CD77AE2009B090B /* Resources */,
			);
			buildRules = (
			);
			dependencies = (
			);
			name = OnTheMap;
			productName = OnTheMap;
			productReference = 53DCE8C81CD77AE2009B090B /* OnTheMap.app */;
			productType = "com.apple.product-type.application";
		};
		53DCE8DB1CD77AE2009B090B /* OnTheMapTests */ = {
			isa = PBXNativeTarget;
			buildConfigurationList = 53DCE8E81CD77AE2009B090B /* Build configuration list for PBXNativeTarget "OnTheMapTests" */;
			buildPhases = (
				53DCE8D81CD77AE2009B090B /* Sources */,
				53DCE8D91CD77AE2009B090B /* Frameworks */,
				53DCE8DA1CD77AE2009B090B /* Resources */,
			);
			buildRules = (
			);
			dependencies = (
				53DCE8DE1CD77AE2009B090B /* PBXTargetDependency */,
			);
			name = OnTheMapTests;
			productName = OnTheMapTests;
			productReference = 53DCE8DC1CD77AE2009B090B /* OnTheMapTests.xctest */;
			productType = "com.apple.product-type.bundle.unit-test";
		};
/* End PBXNativeTarget section */

/* Begin PBXProject section */
		53DCE8C01CD77AE2009B090B /* Project object */ = {
			isa = PBXProject;
			attributes = {
				LastSwiftUpdateCheck = 0730;
				LastUpgradeCheck = 0730;
				ORGANIZATIONNAME = keithwgrout;
				TargetAttributes = {
					53DCE8C71CD77AE2009B090B = {
						CreatedOnToolsVersion = 7.3;
						DevelopmentTeam = F6JPEL9558;
					};
					53DCE8DB1CD77AE2009B090B = {
						CreatedOnToolsVersion = 7.3;
						DevelopmentTeam = F6JPEL9558;
						TestTargetID = 53DCE8C71CD77AE2009B090B;
					};
				};
			};
			buildConfigurationList = 53DCE8C31CD77AE2009B090B /* Build configuration list for PBXProject "OnTheMap" */;
			compatibilityVersion = "Xcode 3.2";
			developmentRegion = English;
			hasScannedForEncodings = 0;
			knownRegions = (
				en,
				Base,
			);
			mainGroup = 53DCE8BF1CD77AE2009B090B;
			productRefGroup = 53DCE8C91CD77AE2009B090B /* Products */;
			projectDirPath = "";
			projectRoot = "";
			targets = (
				53DCE8C71CD77AE2009B090B /* OnTheMap */,
				53DCE8DB1CD77AE2009B090B /* OnTheMapTests */,
			);
		};
/* End PBXProject section */

/* Begin PBXResourcesBuildPhase section */
		53DCE8C61CD77AE2009B090B /* Resources */ = {
			isa = PBXResourcesBuildPhase;
			buildActionMask = 2147483647;
			files = (
				53DCE8D61CD77AE2009B090B /* LaunchScreen.storyboard in Resources */,
				53DCE8D31CD77AE2009B090B /* Assets.xcassets in Resources */,
				53DCE8D11CD77AE2009B090B /* Main.storyboard in Resources */,
			);
			runOnlyForDeploymentPostprocessing = 0;
		};
		53DCE8DA1CD77AE2009B090B /* Resources */ = {
			isa = PBXResourcesBuildPhase;
			buildActionMask = 2147483647;
			files = (
			);
			runOnlyForDeploymentPostprocessing = 0;
		};
/* End PBXResourcesBuildPhase section */

/* Begin PBXSourcesBuildPhase section */
		53DCE8C41CD77AE2009B090B /* Sources */ = {
			isa = PBXSourcesBuildPhase;
			buildActionMask = 2147483647;
			files = (
				5354AFA81CDE60CA002ABF3A /* MapViewController.swift in Sources */,
				53DCE91F1CD90EE0009B090B /* SignUpViewController.swift in Sources */,
				53DCE91D1CD90C6C009B090B /* todo.swift in Sources */,
				53DCE8CE1CD77AE2009B090B /* LoginViewController.swift in Sources */,
				53C75D2E1CF35A9700F2EF6D /* InformationPostingViewController.swift in Sources */,
				53DCE8EE1CD7A811009B090B /* UdacityConstants.swift in Sources */,
				53DCE8CC1CD77AE2009B090B /* AppDelegate.swift in Sources */,
				53E827841CEB8C9000999DB2 /* StudentTableViewController.swift in Sources */,
				5354AFAE1CDE9BF1002ABF3A /* GCD.swift in Sources */,
				53DCE9291CDCE1C9009B090B /* ParseConstants.swift in Sources */,
				53DCE8EC1CD7A6A8009B090B /* UdacityClient.swift in Sources */,
				53DCE9271CDCE095009B090B /* ParseClient.swift in Sources */,
				53FB476A1CDE26D90049BE0E /* Student.swift in Sources */,
				53DCE9211CDA3E70009B090B /* MapTabController.swift in Sources */,
			);
			runOnlyForDeploymentPostprocessing = 0;
		};
		53DCE8D81CD77AE2009B090B /* Sources */ = {
			isa = PBXSourcesBuildPhase;
			buildActionMask = 2147483647;
			files = (
				53DCE8E11CD77AE2009B090B /* OnTheMapTests.swift in Sources */,
			);
			runOnlyForDeploymentPostprocessing = 0;
		};
/* End PBXSourcesBuildPhase section */

/* Begin PBXTargetDependency section */
		53DCE8DE1CD77AE2009B090B /* PBXTargetDependency */ = {
			isa = PBXTargetDependency;
			target = 53DCE8C71CD77AE2009B090B /* OnTheMap */;
			targetProxy = 53DCE8DD1CD77AE2009B090B /* PBXContainerItemProxy */;
		};
/* End PBXTargetDependency section */

/* Begin PBXVariantGroup section */
		53DCE8CF1CD77AE2009B090B /* Main.storyboard */ = {
			isa = PBXVariantGroup;
			children = (
				53DCE8D01CD77AE2009B090B /* Base */,
			);
			name = Main.storyboard;
			sourceTree = "<group>";
		};
		53DCE8D41CD77AE2009B090B /* LaunchScreen.storyboard */ = {
			isa = PBXVariantGroup;
			children = (
				53DCE8D51CD77AE2009B090B /* Base */,
			);
			name = LaunchScreen.storyboard;
			sourceTree = "<group>";
		};
/* End PBXVariantGroup section */

/* Begin XCBuildConfiguration section */
		53DCE8E31CD77AE2009B090B /* Debug */ = {
			isa = XCBuildConfiguration;
			buildSettings = {
				ALWAYS_SEARCH_USER_PATHS = NO;
				CLANG_ANALYZER_NONNULL = YES;
				CLANG_CXX_LANGUAGE_STANDARD = "gnu++0x";
				CLANG_CXX_LIBRARY = "libc++";
				CLANG_ENABLE_MODULES = YES;
				CLANG_ENABLE_OBJC_ARC = YES;
				CLANG_WARN_BOOL_CONVERSION = YES;
				CLANG_WARN_CONSTANT_CONVERSION = YES;
				CLANG_WARN_DIRECT_OBJC_ISA_USAGE = YES_ERROR;
				CLANG_WARN_EMPTY_BODY = YES;
				CLANG_WARN_ENUM_CONVERSION = YES;
				CLANG_WARN_INT_CONVERSION = YES;
				CLANG_WARN_OBJC_ROOT_CLASS = YES_ERROR;
				CLANG_WARN_UNREACHABLE_CODE = YES;
				CLANG_WARN__DUPLICATE_METHOD_MATCH = YES;
				"CODE_SIGN_IDENTITY[sdk=iphoneos*]" = "iPhone Developer";
				COPY_PHASE_STRIP = NO;
				DEBUG_INFORMATION_FORMAT = dwarf;
				ENABLE_STRICT_OBJC_MSGSEND = YES;
				ENABLE_TESTABILITY = YES;
				GCC_C_LANGUAGE_STANDARD = gnu99;
				GCC_DYNAMIC_NO_PIC = NO;
				GCC_NO_COMMON_BLOCKS = YES;
				GCC_OPTIMIZATION_LEVEL = 0;
				GCC_PREPROCESSOR_DEFINITIONS = (
					"DEBUG=1",
					"$(inherited)",
				);
				GCC_WARN_64_TO_32_BIT_CONVERSION = YES;
				GCC_WARN_ABOUT_RETURN_TYPE = YES_ERROR;
				GCC_WARN_UNDECLARED_SELECTOR = YES;
				GCC_WARN_UNINITIALIZED_AUTOS = YES_AGGRESSIVE;
				GCC_WARN_UNUSED_FUNCTION = YES;
				GCC_WARN_UNUSED_VARIABLE = YES;
				IPHONEOS_DEPLOYMENT_TARGET = 9.3;
				MTL_ENABLE_DEBUG_INFO = YES;
				ONLY_ACTIVE_ARCH = YES;
				SDKROOT = iphoneos;
				SWIFT_OPTIMIZATION_LEVEL = "-Onone";
			};
			name = Debug;
		};
		53DCE8E41CD77AE2009B090B /* Release */ = {
			isa = XCBuildConfiguration;
			buildSettings = {
				ALWAYS_SEARCH_USER_PATHS = NO;
				CLANG_ANALYZER_NONNULL = YES;
				CLANG_CXX_LANGUAGE_STANDARD = "gnu++0x";
				CLANG_CXX_LIBRARY = "libc++";
				CLANG_ENABLE_MODULES = YES;
				CLANG_ENABLE_OBJC_ARC = YES;
				CLANG_WARN_BOOL_CONVERSION = YES;
				CLANG_WARN_CONSTANT_CONVERSION = YES;
				CLANG_WARN_DIRECT_OBJC_ISA_USAGE = YES_ERROR;
				CLANG_WARN_EMPTY_BODY = YES;
				CLANG_WARN_ENUM_CONVERSION = YES;
				CLANG_WARN_INT_CONVERSION = YES;
				CLANG_WARN_OBJC_ROOT_CLASS = YES_ERROR;
				CLANG_WARN_UNREACHABLE_CODE = YES;
				CLANG_WARN__DUPLICATE_METHOD_MATCH = YES;
				"CODE_SIGN_IDENTITY[sdk=iphoneos*]" = "iPhone Developer";
				COPY_PHASE_STRIP = NO;
				DEBUG_INFORMATION_FORMAT = "dwarf-with-dsym";
				ENABLE_NS_ASSERTIONS = NO;
				ENABLE_STRICT_OBJC_MSGSEND = YES;
				GCC_C_LANGUAGE_STANDARD = gnu99;
				GCC_NO_COMMON_BLOCKS = YES;
				GCC_WARN_64_TO_32_BIT_CONVERSION = YES;
				GCC_WARN_ABOUT_RETURN_TYPE = YES_ERROR;
				GCC_WARN_UNDECLARED_SELECTOR = YES;
				GCC_WARN_UNINITIALIZED_AUTOS = YES_AGGRESSIVE;
				GCC_WARN_UNUSED_FUNCTION = YES;
				GCC_WARN_UNUSED_VARIABLE = YES;
				IPHONEOS_DEPLOYMENT_TARGET = 9.3;
				MTL_ENABLE_DEBUG_INFO = NO;
				SDKROOT = iphoneos;
				VALIDATE_PRODUCT = YES;
			};
			name = Release;
		};
		53DCE8E61CD77AE2009B090B /* Debug */ = {
			isa = XCBuildConfiguration;
			buildSettings = {
				ASSETCATALOG_COMPILER_APPICON_NAME = AppIcon;
				CODE_SIGN_IDENTITY = "iPhone Developer";
				INFOPLIST_FILE = OnTheMap/Info.plist;
				LD_RUNPATH_SEARCH_PATHS = "$(inherited) @executable_path/Frameworks";
				PRODUCT_BUNDLE_IDENTIFIER = com.keithwgrout.OnTheMap;
				PRODUCT_NAME = "$(TARGET_NAME)";
			};
			name = Debug;
		};
		53DCE8E71CD77AE2009B090B /* Release */ = {
			isa = XCBuildConfiguration;
			buildSettings = {
				ASSETCATALOG_COMPILER_APPICON_NAME = AppIcon;
				CODE_SIGN_IDENTITY = "iPhone Developer";
				INFOPLIST_FILE = OnTheMap/Info.plist;
				LD_RUNPATH_SEARCH_PATHS = "$(inherited) @executable_path/Frameworks";
				PRODUCT_BUNDLE_IDENTIFIER = com.keithwgrout.OnTheMap;
				PRODUCT_NAME = "$(TARGET_NAME)";
			};
			name = Release;
		};
		53DCE8E91CD77AE2009B090B /* Debug */ = {
			isa = XCBuildConfiguration;
			buildSettings = {
				BUNDLE_LOADER = "$(TEST_HOST)";
				INFOPLIST_FILE = OnTheMapTests/Info.plist;
				LD_RUNPATH_SEARCH_PATHS = "$(inherited) @executable_path/Frameworks @loader_path/Frameworks";
				PRODUCT_BUNDLE_IDENTIFIER = com.keithwgrout.OnTheMapTests;
				PRODUCT_NAME = "$(TARGET_NAME)";
				TEST_HOST = "$(BUILT_PRODUCTS_DIR)/OnTheMap.app/OnTheMap";
			};
			name = Debug;
		};
		53DCE8EA1CD77AE2009B090B /* Release */ = {
			isa = XCBuildConfiguration;
			buildSettings = {
				BUNDLE_LOADER = "$(TEST_HOST)";
				INFOPLIST_FILE = OnTheMapTests/Info.plist;
				LD_RUNPATH_SEARCH_PATHS = "$(inherited) @executable_path/Frameworks @loader_path/Frameworks";
				PRODUCT_BUNDLE_IDENTIFIER = com.keithwgrout.OnTheMapTests;
				PRODUCT_NAME = "$(TARGET_NAME)";
				TEST_HOST = "$(BUILT_PRODUCTS_DIR)/OnTheMap.app/OnTheMap";
			};
			name = Release;
		};
/* End XCBuildConfiguration section */

/* Begin XCConfigurationList section */
		53DCE8C31CD77AE2009B090B /* Build configuration list for PBXProject "OnTheMap" */ = {
			isa = XCConfigurationList;
			buildConfigurations = (
				53DCE8E31CD77AE2009B090B /* Debug */,
				53DCE8E41CD77AE2009B090B /* Release */,
			);
			defaultConfigurationIsVisible = 0;
			defaultConfigurationName = Release;
		};
		53DCE8E51CD77AE2009B090B /* Build configuration list for PBXNativeTarget "OnTheMap" */ = {
			isa = XCConfigurationList;
			buildConfigurations = (
				53DCE8E61CD77AE2009B090B /* Debug */,
				53DCE8E71CD77AE2009B090B /* Release */,
			);
			defaultConfigurationIsVisible = 0;
			defaultConfigurationName = Release;
		};
		53DCE8E81CD77AE2009B090B /* Build configuration list for PBXNativeTarget "OnTheMapTests" */ = {
			isa = XCConfigurationList;
			buildConfigurations = (
				53DCE8E91CD77AE2009B090B /* Debug */,
				53DCE8EA1CD77AE2009B090B /* Release */,
			);
			defaultConfigurationIsVisible = 0;
			defaultConfigurationName = Release;
		};
/* End XCConfigurationList section */
	};
	rootObject = 53DCE8C01CD77AE2009B090B /* Project object */;
}
